# This file is autogenerated, do not edit; changes may be undone by the next 'dep ensure'.


[[projects]]
  branch = "master"
  name = "github.com/BurntSushi/toml"
  packages = ["."]
  revision = "a368813c5e648fee92e5f6c30e3944ff9d5e8895"

[[projects]]
  branch = "master"
  name = "github.com/SSSaaS/sssa-golang"
  packages = ["."]
  revision = "d37d7782d75282e29cd0a208511f339bfc7eccb0"

[[projects]]
  branch = "master"
  name = "github.com/StackExchange/wmi"
  packages = ["."]
  revision = "ea383cf3ba6ec950874b8486cd72356d007c768f"

[[projects]]
  branch = "master"
  name = "github.com/bford/golang-x-crypto"
  packages = ["ed25519","ed25519/cosi","ed25519/internal/edwards25519"]
  revision = "27db609c9d03c23044917abbd02689bb46c9d876"

[[projects]]
  name = "github.com/davecgh/go-spew"
  packages = ["spew"]
  revision = "346938d642f2ec3594ed81d874461961cd0faa76"
  version = "v1.1.0"

[[projects]]
  branch = "master"
  name = "github.com/daviddengcn/go-colortext"
  packages = ["."]
  revision = "805cee6e0d43c72ba1d4e3275965ff41e0da068a"

[[projects]]
  branch = "master"
  name = "github.com/dedis/fixbuf"
  packages = ["."]
  revision = "9774cf687c0f09b0e619c17b033ff76a887be2eb"

[[projects]]
  branch = "norand"
  name = "github.com/dedis/kyber"
  packages = [".","group","group/curve25519","group/edwards25519","group/internal/marshalling","group/mod","group/nist","sign/anon","sign/eddsa","sign/schnorr","util/bytes","util/encoding","util/hash","util/key","util/random","util/subtle","xof/blake"]
  revision = "f9ecaccd282a0df7046b7ef98782089b51c29cd9"

[[projects]]
  branch = "norand"
  name = "github.com/dedis/onet"
  packages = [".","app","log","network","simul","simul/manage","simul/monitor","simul/platform"]
  revision = "a203e313ee1071226933e5db5bf8f1bdf7b5e823"

[[projects]]
  branch = "master"
  name = "github.com/dedis/protobuf"
  packages = ["."]
  revision = "dadbfacaa0e2b61cf59ca31336e3c8bbdf064d6e"

[[projects]]
  name = "github.com/go-ole/go-ole"
  packages = [".","oleutil"]
  revision = "0e87ea779d9deb219633b828a023b32e1244dd57"
  version = "v1.2.0"

[[projects]]
  branch = "master"
  name = "github.com/gorilla/websocket"
  packages = ["."]
  revision = "7ca4275b84a9d500f68971c8c4a97f0ec18eb889"

[[projects]]
  name = "github.com/montanaflynn/stats"
  packages = ["."]
  revision = "eeaced052adbcfeea372c749c281099ed7fdaa38"
  version = "0.2.0"

[[projects]]
  name = "github.com/pmezard/go-difflib"
  packages = ["difflib"]
  revision = "792786c7400a136282c1664665ae0a8db921c6c2"
  version = "v1.0.0"

[[projects]]
  branch = "master"
  name = "github.com/qantik/qrgo"
  packages = ["."]
  revision = "0c6b902c59f60cd403db089bcf3954f8e6104d29"

[[projects]]
  branch = "master"
  name = "github.com/satori/go.uuid"
  packages = ["."]
  revision = "5bf94b69c6b68ee1b541973bb8e1144db23a194b"

[[projects]]
  name = "github.com/shirou/gopsutil"
  packages = ["internal/common","mem"]
  revision = "bfe3c2e8f406bf352bc8df81f98c752224867349"
  version = "v2.17.11"

[[projects]]
  branch = "master"
  name = "github.com/stretchr/testify"
  packages = ["assert","require"]
  revision = "2aa2c176b9dab406a6970f6a55f513e8a8c8b18f"

[[projects]]
  branch = "master"
  name = "golang.org/x/crypto"
  packages = ["blake2b","curve25519","ed25519","ed25519/internal/edwards25519","ssh"]
  revision = "9f005a07e0d31d45e6656d241bb5c0f2efd4bc94"

[[projects]]
  branch = "master"
  name = "golang.org/x/sys"
  packages = ["unix","windows"]
  revision = "8b4580aae2a0dd0c231a45d3ccb8434ff533b840"

[[projects]]
  branch = "master"
  name = "gopkg.in/tylerb/graceful.v1"
  packages = ["."]
  revision = "4654dfbb6ad53cb5e27f37d99b02e16c1872fbbb"

[[projects]]
  branch = "master"
  name = "gopkg.in/urfave/cli.v1"
  packages = ["."]
  revision = "cfb38830724cc34fedffe9a2a29fb54fa9169cd1"

[solve-meta]
  analyzer-name = "dep"
  analyzer-version = 1
  inputs-digest = "483e805bd883121015461fe1a2e7833da4aa7269c2663e1c4c164fa8471e545a"
  solver-name = "gps-cdcl"
  solver-version = 1
